
Microsoft Visual Studio Solution File, Format Version 12.00
# Visual Studio Version 16
VisualStudioVersion = 25.0.1705.2
MinimumVisualStudioVersion = 10.0.40219.1
Project("{FAE04EC0-301F-11D3-BF4B-00C04F79EFBC}") = "Exercise_1", "Exercise_1\Exercise_1.csproj", "{8FCDB44D-750B-455A-8218-075F3E7DDF05}"
EndProject
Project("{FAE04EC0-301F-11D3-BF4B-00C04F79EFBC}") = "Exercise_2", "Exercise_2\Exercise_2.csproj", "{B0EB6E3C-CC25-40ED-8713-9F97CBDE19DA}"
EndProject
Global
	GlobalSection(SolutionConfigurationPlatforms) = preSolution
		Debug|Any CPU = Debug|Any CPU
		Release|Any CPU = Release|Any CPU
	EndGlobalSection
	GlobalSection(ProjectConfigurationPlatforms) = postSolution
		{8FCDB44D-750B-455A-8218-075F3E7DDF05}.Debug|Any CPU.ActiveCfg = Debug|Any CPU
		{8FCDB44D-750B-455A-8218-075F3E7DDF05}.Debug|Any CPU.Build.0 = Debug|Any CPU
		{8FCDB44D-750B-455A-8218-075F3E7DDF05}.Release|Any CPU.ActiveCfg = Release|Any CPU
		{8FCDB44D-750B-455A-8218-075F3E7DDF05}.Release|Any CPU.Build.0 = Release|Any CPU
		{B0EB6E3C-CC25-40ED-8713-9F97CBDE19DA}.Debug|Any CPU.ActiveCfg = Debug|Any CPU
		{B0EB6E3C-CC25-40ED-8713-9F97CBDE19DA}.Debug|Any CPU.Build.0 = Debug|Any CPU
		{B0EB6E3C-CC25-40ED-8713-9F97CBDE19DA}.Release|Any CPU.ActiveCfg = Release|Any CPU
		{B0EB6E3C-CC25-40ED-8713-9F97CBDE19DA}.Release|Any CPU.Build.0 = Release|Any CPU
	EndGlobalSection
	GlobalSection(SolutionProperties) = preSolution
		HideSolutionNode = FALSE
	EndGlobalSection
	GlobalSection(ExtensibilityGlobals) = postSolution
		SolutionGuid = {32D1D393-F890-48B5-B49D-F928BF0109DC}
	EndGlobalSection
EndGlobal
