
Microsoft Visual Studio Solution File, Format Version 12.00
# Visual Studio Version 16
VisualStudioVersion = 25.0.1705.2
MinimumVisualStudioVersion = 10.0.40219.1
Project("{FAE04EC0-301F-11D3-BF4B-00C04F79EFBC}") = "Exercaise_1", "HW_4\Exercaise_1.csproj", "{AB9C3C95-33B5-4427-8211-58DA07155FE8}"
EndProject
Global
	GlobalSection(SolutionConfigurationPlatforms) = preSolution
		Debug|Any CPU = Debug|Any CPU
		Release|Any CPU = Release|Any CPU
	EndGlobalSection
	GlobalSection(ProjectConfigurationPlatforms) = postSolution
		{AB9C3C95-33B5-4427-8211-58DA07155FE8}.Debug|Any CPU.ActiveCfg = Debug|Any CPU
		{AB9C3C95-33B5-4427-8211-58DA07155FE8}.Debug|Any CPU.Build.0 = Debug|Any CPU
		{AB9C3C95-33B5-4427-8211-58DA07155FE8}.Release|Any CPU.ActiveCfg = Release|Any CPU
		{AB9C3C95-33B5-4427-8211-58DA07155FE8}.Release|Any CPU.Build.0 = Release|Any CPU
	EndGlobalSection
	GlobalSection(SolutionProperties) = preSolution
		HideSolutionNode = FALSE
	EndGlobalSection
	GlobalSection(ExtensibilityGlobals) = postSolution
		SolutionGuid = {2376F80B-54C9-43F9-9ACB-FDE38F3A6020}
	EndGlobalSection
EndGlobal
