
Microsoft Visual Studio Solution File, Format Version 12.00
# Visual Studio Version 16
VisualStudioVersion = 25.0.1705.2
MinimumVisualStudioVersion = 10.0.40219.1
Project("{FAE04EC0-301F-11D3-BF4B-00C04F79EFBC}") = "Exercise_1", "Exercise_1.csproj", "{17D5B002-9FE8-44B0-AA53-D0A9D2AE09DD}"
EndProject
Project("{FAE04EC0-301F-11D3-BF4B-00C04F79EFBC}") = "Exercise_2", "..\Exercise_1\Exercise_2.csproj", "{65849533-81CF-4B3F-802A-84853BA21E20}"
EndProject
Global
	GlobalSection(SolutionConfigurationPlatforms) = preSolution
		Debug|Any CPU = Debug|Any CPU
		Release|Any CPU = Release|Any CPU
	EndGlobalSection
	GlobalSection(ProjectConfigurationPlatforms) = postSolution
		{17D5B002-9FE8-44B0-AA53-D0A9D2AE09DD}.Debug|Any CPU.ActiveCfg = Debug|Any CPU
		{17D5B002-9FE8-44B0-AA53-D0A9D2AE09DD}.Debug|Any CPU.Build.0 = Debug|Any CPU
		{17D5B002-9FE8-44B0-AA53-D0A9D2AE09DD}.Release|Any CPU.ActiveCfg = Release|Any CPU
		{17D5B002-9FE8-44B0-AA53-D0A9D2AE09DD}.Release|Any CPU.Build.0 = Release|Any CPU
		{65849533-81CF-4B3F-802A-84853BA21E20}.Debug|Any CPU.ActiveCfg = Debug|Any CPU
		{65849533-81CF-4B3F-802A-84853BA21E20}.Debug|Any CPU.Build.0 = Debug|Any CPU
		{65849533-81CF-4B3F-802A-84853BA21E20}.Release|Any CPU.ActiveCfg = Release|Any CPU
		{65849533-81CF-4B3F-802A-84853BA21E20}.Release|Any CPU.Build.0 = Release|Any CPU
	EndGlobalSection
	GlobalSection(SolutionProperties) = preSolution
		HideSolutionNode = FALSE
	EndGlobalSection
	GlobalSection(ExtensibilityGlobals) = postSolution
		SolutionGuid = {884344A8-471C-4179-8847-520239154509}
	EndGlobalSection
EndGlobal
