
Microsoft Visual Studio Solution File, Format Version 12.00
# Visual Studio Version 16
VisualStudioVersion = 25.0.1705.2
MinimumVisualStudioVersion = 10.0.40219.1
Project("{FAE04EC0-301F-11D3-BF4B-00C04F79EFBC}") = "Exercise_1", "Exercise_1\Exercise_1.csproj", "{C872ED23-8C73-4EE6-A8C7-3828A2BB0195}"
EndProject
Project("{FAE04EC0-301F-11D3-BF4B-00C04F79EFBC}") = "Exercise_2", "Exercise_2\Exercise_2.csproj", "{0BA1A4E8-6359-4C94-ADC5-51220CAF19E8}"
EndProject
Project("{FAE04EC0-301F-11D3-BF4B-00C04F79EFBC}") = "Exercise_3", "Exercise_3\Exercise_3.csproj", "{5D1474BF-35E8-4BF8-AFDE-080CC19787B6}"
EndProject
Global
	GlobalSection(SolutionConfigurationPlatforms) = preSolution
		Debug|Any CPU = Debug|Any CPU
		Release|Any CPU = Release|Any CPU
	EndGlobalSection
	GlobalSection(ProjectConfigurationPlatforms) = postSolution
		{C872ED23-8C73-4EE6-A8C7-3828A2BB0195}.Debug|Any CPU.ActiveCfg = Debug|Any CPU
		{C872ED23-8C73-4EE6-A8C7-3828A2BB0195}.Debug|Any CPU.Build.0 = Debug|Any CPU
		{C872ED23-8C73-4EE6-A8C7-3828A2BB0195}.Release|Any CPU.ActiveCfg = Release|Any CPU
		{C872ED23-8C73-4EE6-A8C7-3828A2BB0195}.Release|Any CPU.Build.0 = Release|Any CPU
		{0BA1A4E8-6359-4C94-ADC5-51220CAF19E8}.Debug|Any CPU.ActiveCfg = Debug|Any CPU
		{0BA1A4E8-6359-4C94-ADC5-51220CAF19E8}.Debug|Any CPU.Build.0 = Debug|Any CPU
		{0BA1A4E8-6359-4C94-ADC5-51220CAF19E8}.Release|Any CPU.ActiveCfg = Release|Any CPU
		{0BA1A4E8-6359-4C94-ADC5-51220CAF19E8}.Release|Any CPU.Build.0 = Release|Any CPU
		{5D1474BF-35E8-4BF8-AFDE-080CC19787B6}.Debug|Any CPU.ActiveCfg = Debug|Any CPU
		{5D1474BF-35E8-4BF8-AFDE-080CC19787B6}.Debug|Any CPU.Build.0 = Debug|Any CPU
		{5D1474BF-35E8-4BF8-AFDE-080CC19787B6}.Release|Any CPU.ActiveCfg = Release|Any CPU
		{5D1474BF-35E8-4BF8-AFDE-080CC19787B6}.Release|Any CPU.Build.0 = Release|Any CPU
	EndGlobalSection
	GlobalSection(SolutionProperties) = preSolution
		HideSolutionNode = FALSE
	EndGlobalSection
	GlobalSection(ExtensibilityGlobals) = postSolution
		SolutionGuid = {CF0A71A3-FDF0-402B-8A1B-A1593270C90A}
	EndGlobalSection
EndGlobal
