
Microsoft Visual Studio Solution File, Format Version 12.00
# Visual Studio Version 16
VisualStudioVersion = 25.0.1705.4
MinimumVisualStudioVersion = 10.0.40219.1
Project("{FAE04EC0-301F-11D3-BF4B-00C04F79EFBC}") = "Exercise_1", "Exercise_1\Exercise_1.csproj", "{111A38D5-A864-434E-BCF9-7E734B044E6B}"
EndProject
Global
	GlobalSection(SolutionConfigurationPlatforms) = preSolution
		Debug|Any CPU = Debug|Any CPU
		Release|Any CPU = Release|Any CPU
	EndGlobalSection
	GlobalSection(ProjectConfigurationPlatforms) = postSolution
		{111A38D5-A864-434E-BCF9-7E734B044E6B}.Debug|Any CPU.ActiveCfg = Debug|Any CPU
		{111A38D5-A864-434E-BCF9-7E734B044E6B}.Debug|Any CPU.Build.0 = Debug|Any CPU
		{111A38D5-A864-434E-BCF9-7E734B044E6B}.Release|Any CPU.ActiveCfg = Release|Any CPU
		{111A38D5-A864-434E-BCF9-7E734B044E6B}.Release|Any CPU.Build.0 = Release|Any CPU
	EndGlobalSection
	GlobalSection(SolutionProperties) = preSolution
		HideSolutionNode = FALSE
	EndGlobalSection
	GlobalSection(ExtensibilityGlobals) = postSolution
		SolutionGuid = {155D0034-BADF-4F14-B0E8-A166FB7C7A61}
	EndGlobalSection
EndGlobal
