
Microsoft Visual Studio Solution File, Format Version 12.00
# Visual Studio Version 16
VisualStudioVersion = 25.0.1705.2
MinimumVisualStudioVersion = 10.0.40219.1
Project("{FAE04EC0-301F-11D3-BF4B-00C04F79EFBC}") = "Exercise_1", "Exercise_1\Exercise_1.csproj", "{E06F0518-1C2D-45B9-A428-E651EEAE5419}"
EndProject
Project("{FAE04EC0-301F-11D3-BF4B-00C04F79EFBC}") = "Exercise_2", "Exercise_2\Exercise_2.csproj", "{797314D2-253F-40E0-9E5F-F2384084EDC6}"
EndProject
Global
	GlobalSection(SolutionConfigurationPlatforms) = preSolution
		Debug|Any CPU = Debug|Any CPU
		Release|Any CPU = Release|Any CPU
	EndGlobalSection
	GlobalSection(ProjectConfigurationPlatforms) = postSolution
		{E06F0518-1C2D-45B9-A428-E651EEAE5419}.Debug|Any CPU.ActiveCfg = Debug|Any CPU
		{E06F0518-1C2D-45B9-A428-E651EEAE5419}.Debug|Any CPU.Build.0 = Debug|Any CPU
		{E06F0518-1C2D-45B9-A428-E651EEAE5419}.Release|Any CPU.ActiveCfg = Release|Any CPU
		{E06F0518-1C2D-45B9-A428-E651EEAE5419}.Release|Any CPU.Build.0 = Release|Any CPU
		{797314D2-253F-40E0-9E5F-F2384084EDC6}.Debug|Any CPU.ActiveCfg = Debug|Any CPU
		{797314D2-253F-40E0-9E5F-F2384084EDC6}.Debug|Any CPU.Build.0 = Debug|Any CPU
		{797314D2-253F-40E0-9E5F-F2384084EDC6}.Release|Any CPU.ActiveCfg = Release|Any CPU
		{797314D2-253F-40E0-9E5F-F2384084EDC6}.Release|Any CPU.Build.0 = Release|Any CPU
	EndGlobalSection
	GlobalSection(SolutionProperties) = preSolution
		HideSolutionNode = FALSE
	EndGlobalSection
	GlobalSection(ExtensibilityGlobals) = postSolution
		SolutionGuid = {E0894346-8D46-487C-A1FA-473B2153C6C5}
	EndGlobalSection
EndGlobal
