
Microsoft Visual Studio Solution File, Format Version 12.00
# Visual Studio Version 16
VisualStudioVersion = 25.0.1705.2
MinimumVisualStudioVersion = 10.0.40219.1
Project("{FAE04EC0-301F-11D3-BF4B-00C04F79EFBC}") = "Exercise_1", "Exercise_1\Exercise_1.csproj", "{F4CA12B9-6385-492A-9FE7-65827B930489}"
EndProject
Project("{FAE04EC0-301F-11D3-BF4B-00C04F79EFBC}") = "Exercise_2", "Exercise_2\Exercise_2.csproj", "{E2762C8B-A86A-45C6-98A7-398BE2A27A03}"
EndProject
Project("{FAE04EC0-301F-11D3-BF4B-00C04F79EFBC}") = "Exercise_3", "Exercise_3\Exercise_3.csproj", "{B4177BA5-9D7B-41D4-B337-B076B506AB84}"
EndProject
Global
	GlobalSection(SolutionConfigurationPlatforms) = preSolution
		Debug|Any CPU = Debug|Any CPU
		Release|Any CPU = Release|Any CPU
	EndGlobalSection
	GlobalSection(ProjectConfigurationPlatforms) = postSolution
		{F4CA12B9-6385-492A-9FE7-65827B930489}.Debug|Any CPU.ActiveCfg = Debug|Any CPU
		{F4CA12B9-6385-492A-9FE7-65827B930489}.Debug|Any CPU.Build.0 = Debug|Any CPU
		{F4CA12B9-6385-492A-9FE7-65827B930489}.Release|Any CPU.ActiveCfg = Release|Any CPU
		{F4CA12B9-6385-492A-9FE7-65827B930489}.Release|Any CPU.Build.0 = Release|Any CPU
		{E2762C8B-A86A-45C6-98A7-398BE2A27A03}.Debug|Any CPU.ActiveCfg = Debug|Any CPU
		{E2762C8B-A86A-45C6-98A7-398BE2A27A03}.Debug|Any CPU.Build.0 = Debug|Any CPU
		{E2762C8B-A86A-45C6-98A7-398BE2A27A03}.Release|Any CPU.ActiveCfg = Release|Any CPU
		{E2762C8B-A86A-45C6-98A7-398BE2A27A03}.Release|Any CPU.Build.0 = Release|Any CPU
		{B4177BA5-9D7B-41D4-B337-B076B506AB84}.Debug|Any CPU.ActiveCfg = Debug|Any CPU
		{B4177BA5-9D7B-41D4-B337-B076B506AB84}.Debug|Any CPU.Build.0 = Debug|Any CPU
		{B4177BA5-9D7B-41D4-B337-B076B506AB84}.Release|Any CPU.ActiveCfg = Release|Any CPU
		{B4177BA5-9D7B-41D4-B337-B076B506AB84}.Release|Any CPU.Build.0 = Release|Any CPU
	EndGlobalSection
	GlobalSection(SolutionProperties) = preSolution
		HideSolutionNode = FALSE
	EndGlobalSection
	GlobalSection(ExtensibilityGlobals) = postSolution
		SolutionGuid = {1EE2FF85-2C75-47D0-A135-3CFA560D69E1}
	EndGlobalSection
EndGlobal
