
Microsoft Visual Studio Solution File, Format Version 12.00
# Visual Studio Version 16
VisualStudioVersion = 25.0.1705.2
MinimumVisualStudioVersion = 10.0.40219.1
Project("{FAE04EC0-301F-11D3-BF4B-00C04F79EFBC}") = "Exercaise_1", "Exercaise_1\Exercaise_1.csproj", "{DA71EBB4-36FF-4AF8-BF3A-4D3CCAFA47AD}"
EndProject
Project("{FAE04EC0-301F-11D3-BF4B-00C04F79EFBC}") = "Exercaise_2", "Exercaise_2\Exercaise_2.csproj", "{C24DF736-62CA-47D8-91C8-3D2266E136F1}"
EndProject
Project("{FAE04EC0-301F-11D3-BF4B-00C04F79EFBC}") = "Exercaise_3", "Exercaise_3\Exercaise_3.csproj", "{FA52C351-5E30-4971-A4A0-536C13AD13A6}"
EndProject
Project("{FAE04EC0-301F-11D3-BF4B-00C04F79EFBC}") = "Exercaise_4", "Exercaise_4\Exercaise_4.csproj", "{6286D45B-6C2F-4852-B0F7-806BA43292D6}"
EndProject
Global
	GlobalSection(SolutionConfigurationPlatforms) = preSolution
		Debug|Any CPU = Debug|Any CPU
		Release|Any CPU = Release|Any CPU
	EndGlobalSection
	GlobalSection(ProjectConfigurationPlatforms) = postSolution
		{DA71EBB4-36FF-4AF8-BF3A-4D3CCAFA47AD}.Debug|Any CPU.ActiveCfg = Debug|Any CPU
		{DA71EBB4-36FF-4AF8-BF3A-4D3CCAFA47AD}.Debug|Any CPU.Build.0 = Debug|Any CPU
		{DA71EBB4-36FF-4AF8-BF3A-4D3CCAFA47AD}.Release|Any CPU.ActiveCfg = Release|Any CPU
		{DA71EBB4-36FF-4AF8-BF3A-4D3CCAFA47AD}.Release|Any CPU.Build.0 = Release|Any CPU
		{C24DF736-62CA-47D8-91C8-3D2266E136F1}.Debug|Any CPU.ActiveCfg = Debug|Any CPU
		{C24DF736-62CA-47D8-91C8-3D2266E136F1}.Debug|Any CPU.Build.0 = Debug|Any CPU
		{C24DF736-62CA-47D8-91C8-3D2266E136F1}.Release|Any CPU.ActiveCfg = Release|Any CPU
		{C24DF736-62CA-47D8-91C8-3D2266E136F1}.Release|Any CPU.Build.0 = Release|Any CPU
		{FA52C351-5E30-4971-A4A0-536C13AD13A6}.Debug|Any CPU.ActiveCfg = Debug|Any CPU
		{FA52C351-5E30-4971-A4A0-536C13AD13A6}.Debug|Any CPU.Build.0 = Debug|Any CPU
		{FA52C351-5E30-4971-A4A0-536C13AD13A6}.Release|Any CPU.ActiveCfg = Release|Any CPU
		{FA52C351-5E30-4971-A4A0-536C13AD13A6}.Release|Any CPU.Build.0 = Release|Any CPU
		{6286D45B-6C2F-4852-B0F7-806BA43292D6}.Debug|Any CPU.ActiveCfg = Debug|Any CPU
		{6286D45B-6C2F-4852-B0F7-806BA43292D6}.Debug|Any CPU.Build.0 = Debug|Any CPU
		{6286D45B-6C2F-4852-B0F7-806BA43292D6}.Release|Any CPU.ActiveCfg = Release|Any CPU
		{6286D45B-6C2F-4852-B0F7-806BA43292D6}.Release|Any CPU.Build.0 = Release|Any CPU
	EndGlobalSection
	GlobalSection(SolutionProperties) = preSolution
		HideSolutionNode = FALSE
	EndGlobalSection
	GlobalSection(ExtensibilityGlobals) = postSolution
		SolutionGuid = {7FD397C8-DAB4-4F79-B80B-B9C35F4B231E}
	EndGlobalSection
EndGlobal
