
Microsoft Visual Studio Solution File, Format Version 12.00
# Visual Studio Version 16
VisualStudioVersion = 25.0.1705.4
MinimumVisualStudioVersion = 10.0.40219.1
Project("{FAE04EC0-301F-11D3-BF4B-00C04F79EFBC}") = "Exercise_1", "Exercise_1\Exercise_1.csproj", "{39C07C13-BD68-4FC5-B27B-AFC038136B0C}"
EndProject
Project("{FAE04EC0-301F-11D3-BF4B-00C04F79EFBC}") = "Exercise_2", "Exercise_2\Exercise_2.csproj", "{6F8D39FC-E714-43C7-BE1D-0777BB6E76FE}"
EndProject
Project("{FAE04EC0-301F-11D3-BF4B-00C04F79EFBC}") = "Exercise_3", "Exercise_3\Exercise_3.csproj", "{ACDED9B6-F860-4DC9-8C8A-1B66FA7C7F2A}"
EndProject
Global
	GlobalSection(SolutionConfigurationPlatforms) = preSolution
		Debug|Any CPU = Debug|Any CPU
		Release|Any CPU = Release|Any CPU
	EndGlobalSection
	GlobalSection(ProjectConfigurationPlatforms) = postSolution
		{39C07C13-BD68-4FC5-B27B-AFC038136B0C}.Debug|Any CPU.ActiveCfg = Debug|Any CPU
		{39C07C13-BD68-4FC5-B27B-AFC038136B0C}.Debug|Any CPU.Build.0 = Debug|Any CPU
		{39C07C13-BD68-4FC5-B27B-AFC038136B0C}.Release|Any CPU.ActiveCfg = Release|Any CPU
		{39C07C13-BD68-4FC5-B27B-AFC038136B0C}.Release|Any CPU.Build.0 = Release|Any CPU
		{6F8D39FC-E714-43C7-BE1D-0777BB6E76FE}.Debug|Any CPU.ActiveCfg = Debug|Any CPU
		{6F8D39FC-E714-43C7-BE1D-0777BB6E76FE}.Debug|Any CPU.Build.0 = Debug|Any CPU
		{6F8D39FC-E714-43C7-BE1D-0777BB6E76FE}.Release|Any CPU.ActiveCfg = Release|Any CPU
		{6F8D39FC-E714-43C7-BE1D-0777BB6E76FE}.Release|Any CPU.Build.0 = Release|Any CPU
		{ACDED9B6-F860-4DC9-8C8A-1B66FA7C7F2A}.Debug|Any CPU.ActiveCfg = Debug|Any CPU
		{ACDED9B6-F860-4DC9-8C8A-1B66FA7C7F2A}.Debug|Any CPU.Build.0 = Debug|Any CPU
		{ACDED9B6-F860-4DC9-8C8A-1B66FA7C7F2A}.Release|Any CPU.ActiveCfg = Release|Any CPU
		{ACDED9B6-F860-4DC9-8C8A-1B66FA7C7F2A}.Release|Any CPU.Build.0 = Release|Any CPU
	EndGlobalSection
	GlobalSection(SolutionProperties) = preSolution
		HideSolutionNode = FALSE
	EndGlobalSection
	GlobalSection(ExtensibilityGlobals) = postSolution
		SolutionGuid = {5DA58874-32E2-47DD-B011-DEA3F142A2AD}
	EndGlobalSection
EndGlobal
