
Microsoft Visual Studio Solution File, Format Version 12.00
# Visual Studio Version 16
VisualStudioVersion = 25.0.1705.4
MinimumVisualStudioVersion = 10.0.40219.1
Project("{FAE04EC0-301F-11D3-BF4B-00C04F79EFBC}") = "Exercise_1", "Exercise_1\Exercise_1.csproj", "{C561E20F-320B-455F-ACE2-90593FF78671}"
EndProject
Project("{2150E333-8FDC-42A3-9474-1A3956D46DE8}") = "Solution Items", "Solution Items", "{BFFB10D2-A2DB-47AB-AB60-2489A74A1913}"
	ProjectSection(SolutionItems) = preProject
		Text.txt = Text.txt
		HW_17.sln = HW_17.sln
	EndProjectSection
EndProject
Project("{2150E333-8FDC-42A3-9474-1A3956D46DE8}") = "New Folder", "New Folder", "{3BEE08A8-A7DC-45DA-8252-C3C970709BFD}"
EndProject
Project("{FAE04EC0-301F-11D3-BF4B-00C04F79EFBC}") = "Exercise_2", "Exercise_2\Exercise_2.csproj", "{7356F98C-E6BB-427B-BBD6-8263F10650A7}"
EndProject
Global
	GlobalSection(SolutionConfigurationPlatforms) = preSolution
		Debug|Any CPU = Debug|Any CPU
		Release|Any CPU = Release|Any CPU
	EndGlobalSection
	GlobalSection(ProjectConfigurationPlatforms) = postSolution
		{C561E20F-320B-455F-ACE2-90593FF78671}.Debug|Any CPU.ActiveCfg = Debug|Any CPU
		{C561E20F-320B-455F-ACE2-90593FF78671}.Debug|Any CPU.Build.0 = Debug|Any CPU
		{C561E20F-320B-455F-ACE2-90593FF78671}.Release|Any CPU.ActiveCfg = Release|Any CPU
		{C561E20F-320B-455F-ACE2-90593FF78671}.Release|Any CPU.Build.0 = Release|Any CPU
		{7356F98C-E6BB-427B-BBD6-8263F10650A7}.Debug|Any CPU.ActiveCfg = Debug|Any CPU
		{7356F98C-E6BB-427B-BBD6-8263F10650A7}.Debug|Any CPU.Build.0 = Debug|Any CPU
		{7356F98C-E6BB-427B-BBD6-8263F10650A7}.Release|Any CPU.ActiveCfg = Release|Any CPU
		{7356F98C-E6BB-427B-BBD6-8263F10650A7}.Release|Any CPU.Build.0 = Release|Any CPU
	EndGlobalSection
	GlobalSection(SolutionProperties) = preSolution
		HideSolutionNode = FALSE
	EndGlobalSection
	GlobalSection(ExtensibilityGlobals) = postSolution
		SolutionGuid = {A52535BD-7A68-48F4-9A9D-9929AB2D9AFC}
	EndGlobalSection
EndGlobal
